// !$*UTF8*$!
{
	archiveVersion = 1;
	classes = {
	};
	objectVersion = 50;
	objects = {

/* Begin PBXBuildFile section */
		D3A94FF32402609700FB77DE /* AppDelegate.swift in Sources */ = {isa = PBXBuildFile; fileRef = D3A94FF22402609700FB77DE /* AppDelegate.swift */; };
		D3A94FF52402609700FB77DE /* SceneDelegate.swift in Sources */ = {isa = PBXBuildFile; fileRef = D3A94FF42402609700FB77DE /* SceneDelegate.swift */; };
		D3A94FF72402609700FB77DE /* ContentView.swift in Sources */ = {isa = PBXBuildFile; fileRef = D3A94FF62402609700FB77DE /* ContentView.swift */; };
		D3A94FF92402609700FB77DE /* Assets.xcassets in Resources */ = {isa = PBXBuildFile; fileRef = D3A94FF82402609700FB77DE /* Assets.xcassets */; };
		D3A94FFC2402609700FB77DE /* Preview Assets.xcassets in Resources */ = {isa = PBXBuildFile; fileRef = D3A94FFB2402609700FB77DE /* Preview Assets.xcassets */; };
		D3A94FFF2402609700FB77DE /* LaunchScreen.storyboard in Resources */ = {isa = PBXBuildFile; fileRef = D3A94FFD2402609700FB77DE /* LaunchScreen.storyboard */; };
		D3A95008240260CD00FB77DE /* HomeView.swift in Sources */ = {isa = PBXBuildFile; fileRef = D3A95007240260CD00FB77DE /* HomeView.swift */; };
		D3A9500A240261E200FB77DE /* AboutView.swift in Sources */ = {isa = PBXBuildFile; fileRef = D3A95009240261E200FB77DE /* AboutView.swift */; };
/* End PBXBuildFile section */

/* Begin PBXFileReference section */
		D3A94FEF2402609700FB77DE /* TabViewSample.app */ = {isa = PBXFileReference; explicitFileType = wrapper.application; includeInIndex = 0; path = TabViewSample.app; sourceTree = BUILT_PRODUCTS_DIR; };
		D3A94FF22402609700FB77DE /* AppDelegate.swift */ = {isa = PBXFileReference; lastKnownFileType = sourcecode.swift; path = AppDelegate.swift; sourceTree = "<group>"; };
		D3A94FF42402609700FB77DE /* SceneDelegate.swift */ = {isa = PBXFileReference; lastKnownFileType = sourcecode.swift; path = SceneDelegate.swift; sourceTree = "<group>"; };
		D3A94FF62402609700FB77DE /* ContentView.swift */ = {isa = PBXFileReference; lastKnownFileType = sourcecode.swift; path = ContentView.swift; sourceTree = "<group>"; };
		D3A94FF82402609700FB77DE /* Assets.xcassets */ = {isa = PBXFileReference; lastKnownFileType = folder.assetcatalog; path = Assets.xcassets; sourceTree = "<group>"; };
		D3A94FFB2402609700FB77DE /* Preview Assets.xcassets */ = {isa = PBXFileReference; lastKnownFileType = folder.assetcatalog; path = "Preview Assets.xcassets"; sourceTree = "<group>"; };
		D3A94FFE2402609700FB77DE /* Base */ = {isa = PBXFileReference; lastKnownFileType = file.storyboard; name = Base; path = Base.lproj/LaunchScreen.storyboard; sourceTree = "<group>"; };
		D3A950002402609700FB77DE /* Info.plist */ = {isa = PBXFileReference; lastKnownFileType = text.plist.xml; path = Info.plist; sourceTree = "<group>"; };
		D3A95007240260CD00FB77DE /* HomeView.swift */ = {isa = PBXFileReference; lastKnownFileType = sourcecode.swift; path = HomeView.swift; sourceTree = "<group>"; };
		D3A95009240261E200FB77DE /* AboutView.swift */ = {isa = PBXFileReference; lastKnownFileType = sourcecode.swift; path = AboutView.swift; sourceTree = "<group>"; };
/* End PBXFileReference section */

/* Begin PBXFrameworksBuildPhase section */
		D3A94FEC2402609700FB77DE /* Frameworks */ = {
			isa = PBXFrameworksBuildPhase;
			buildActionMask = 2147483647;
			files = (
			);
			runOnlyForDeploymentPostprocessing = 0;
		};
/* End PBXFrameworksBuildPhase section */

/* Begin PBXGroup section */
		D3A94FE62402609700FB77DE = {
			isa = PBXGroup;
			children = (
				D3A94FF12402609700FB77DE /* TabViewSample */,
				D3A94FF02402609700FB77DE /* Products */,
			);
			sourceTree = "<group>";
		};
		D3A94FF02402609700FB77DE /* Products */ = {
			isa = PBXGroup;
			children = (
				D3A94FEF2402609700FB77DE /* TabViewSample.app */,
			);
			name = Products;
			sourceTree = "<group>";
		};
		D3A94FF12402609700FB77DE /* TabViewSample */ = {
			isa = PBXGroup;
			children = (
				D3A95006240260BF00FB77DE /* View */,
				D3A94FF22402609700FB77DE /* AppDelegate.swift */,
				D3A94FF42402609700FB77DE /* SceneDelegate.swift */,
				D3A94FF62402609700FB77DE /* ContentView.swift */,
				D3A94FF82402609700FB77DE /* Assets.xcassets */,
				D3A94FFD2402609700FB77DE /* LaunchScreen.storyboard */,
				D3A950002402609700FB77DE /* Info.plist */,
				D3A94FFA2402609700FB77DE /* Preview Content */,
			);
			path = TabViewSample;
			sourceTree = "<group>";
		};
		D3A94FFA2402609700FB77DE /* Preview Content */ = {
			isa = PBXGroup;
			children = (
				D3A94FFB2402609700FB77DE /* Preview Assets.xcassets */,
			);
			path = "Preview Content";
			sourceTree = "<group>";
		};
		D3A95006240260BF00FB77DE /* View */ = {
			isa = PBXGroup;
			children = (
				D3A95007240260CD00FB77DE /* HomeView.swift */,
				D3A95009240261E200FB77DE /* AboutView.swift */,
			);
			path = View;
			sourceTree = "<group>";
		};
/* End PBXGroup section */

/* Begin PBXNativeTarget section */
		D3A94FEE2402609700FB77DE /* TabViewSample */ = {
			isa = PBXNativeTarget;
			buildConfigurationList = D3A950032402609700FB77DE /* Build configuration list for PBXNativeTarget "TabViewSample" */;
			buildPhases = (
				D3A94FEB2402609700FB77DE /* Sources */,
				D3A94FEC2402609700FB77DE /* Frameworks */,
				D3A94FED2402609700FB77DE /* Resources */,
			);
			buildRules = (
			);
			dependencies = (
			);
			name = TabViewSample;
			productName = TabViewSample;
			productReference = D3A94FEF2402609700FB77DE /* TabViewSample.app */;
			productType = "com.apple.product-type.application";
		};
/* End PBXNativeTarget section */

/* Begin PBXProject section */
		D3A94FE72402609700FB77DE /* Project object */ = {
			isa = PBXProject;
			attributes = {
				LastSwiftUpdateCheck = 1130;
				LastUpgradeCheck = 1130;
				ORGANIZATIONNAME = "Ju Young Jung";
				TargetAttributes = {
					D3A94FEE2402609700FB77DE = {
						CreatedOnToolsVersion = 11.3.1;
					};
				};
			};
			buildConfigurationList = D3A94FEA2402609700FB77DE /* Build configuration list for PBXProject "TabViewSample" */;
			compatibilityVersion = "Xcode 9.3";
			developmentRegion = en;
			hasScannedForEncodings = 0;
			knownRegions = (
				en,
				Base,
			);
			mainGroup = D3A94FE62402609700FB77DE;
			productRefGroup = D3A94FF02402609700FB77DE /* Products */;
			projectDirPath = "";
			projectRoot = "";
			targets = (
				D3A94FEE2402609700FB77DE /* TabViewSample */,
			);
		};
/* End PBXProject section */

/* Begin PBXResourcesBuildPhase section */
		D3A94FED2402609700FB77DE /* Resources */ = {
			isa = PBXResourcesBuildPhase;
			buildActionMask = 2147483647;
			files = (
				D3A94FFF2402609700FB77DE /* LaunchScreen.storyboard in Resources */,
				D3A94FFC2402609700FB77DE /* Preview Assets.xcassets in Resources */,
				D3A94FF92402609700FB77DE /* Assets.xcassets in Resources */,
			);
			runOnlyForDeploymentPostprocessing = 0;
		};
/* End PBXResourcesBuildPhase section */

/* Begin PBXSourcesBuildPhase section */
		D3A94FEB2402609700FB77DE /* Sources */ = {
			isa = PBXSourcesBuildPhase;
			buildActionMask = 2147483647;
			files = (
				D3A94FF32402609700FB77DE /* AppDelegate.swift in Sources */,
				D3A95008240260CD00FB77DE /* HomeView.swift in Sources */,
				D3A94FF52402609700FB77DE /* SceneDelegate.swift in Sources */,
				D3A94FF72402609700FB77DE /* ContentView.swift in Sources */,
				D3A9500A240261E200FB77DE /* AboutView.swift in Sources */,
			);
			runOnlyForDeploymentPostprocessing = 0;
		};
/* End PBXSourcesBuildPhase section */

/* Begin PBXVariantGroup section */
		D3A94FFD2402609700FB77DE /* LaunchScreen.storyboard */ = {
			isa = PBXVariantGroup;
			children = (
				D3A94FFE2402609700FB77DE /* Base */,
			);
			name = LaunchScreen.storyboard;
			sourceTree = "<group>";
		};
/* End PBXVariantGroup section */

/* Begin XCBuildConfiguration section */
		D3A950012402609700FB77DE /* Debug */ = {
			isa = XCBuildConfiguration;
			buildSettings = {
				ALWAYS_SEARCH_USER_PATHS = NO;
				CLANG_ANALYZER_NONNULL = YES;
				CLANG_ANALYZER_NUMBER_OBJECT_CONVERSION = YES_AGGRESSIVE;
				CLANG_CXX_LANGUAGE_STANDARD = "gnu++14";
				CLANG_CXX_LIBRARY = "libc++";
				CLANG_ENABLE_MODULES = YES;
				CLANG_ENABLE_OBJC_ARC = YES;
				CLANG_ENABLE_OBJC_WEAK = YES;
				CLANG_WARN_BLOCK_CAPTURE_AUTORELEASING = YES;
				CLANG_WARN_BOOL_CONVERSION = YES;
				CLANG_WARN_COMMA = YES;
				CLANG_WARN_CONSTANT_CONVERSION = YES;
				CLANG_WARN_DEPRECATED_OBJC_IMPLEMENTATIONS = YES;
				CLANG_WARN_DIRECT_OBJC_ISA_USAGE = YES_ERROR;
				CLANG_WARN_DOCUMENTATION_COMMENTS = YES;
				CLANG_WARN_EMPTY_BODY = YES;
				CLANG_WARN_ENUM_CONVERSION = YES;
				CLANG_WARN_INFINITE_RECURSION = YES;
				CLANG_WARN_INT_CONVERSION = YES;
				CLANG_WARN_NON_LITERAL_NULL_CONVERSION = YES;
				CLANG_WARN_OBJC_IMPLICIT_RETAIN_SELF = YES;
				CLANG_WARN_OBJC_LITERAL_CONVERSION = YES;
				CLANG_WARN_OBJC_ROOT_CLASS = YES_ERROR;
				CLANG_WARN_RANGE_LOOP_ANALYSIS = YES;
				CLANG_WARN_STRICT_PROTOTYPES = YES;
				CLANG_WARN_SUSPICIOUS_MOVE = YES;
				CLANG_WARN_UNGUARDED_AVAILABILITY = YES_AGGRESSIVE;
				CLANG_WARN_UNREACHABLE_CODE = YES;
				CLANG_WARN__DUPLICATE_METHOD_MATCH = YES;
				COPY_PHASE_STRIP = NO;
				DEBUG_INFORMATION_FORMAT = dwarf;
				ENABLE_STRICT_OBJC_MSGSEND = YES;
				ENABLE_TESTABILITY = YES;
				GCC_C_LANGUAGE_STANDARD = gnu11;
				GCC_DYNAMIC_NO_PIC = NO;
				GCC_NO_COMMON_BLOCKS = YES;
				GCC_OPTIMIZATION_LEVEL = 0;
				GCC_PREPROCESSOR_DEFINITIONS = (
					"DEBUG=1",
					"$(inherited)",
				);
				GCC_WARN_64_TO_32_BIT_CONVERSION = YES;
				GCC_WARN_ABOUT_RETURN_TYPE = YES_ERROR;
				GCC_WARN_UNDECLARED_SELECTOR = YES;
				GCC_WARN_UNINITIALIZED_AUTOS = YES_AGGRESSIVE;
				GCC_WARN_UNUSED_FUNCTION = YES;
				GCC_WARN_UNUSED_VARIABLE = YES;
				IPHONEOS_DEPLOYMENT_TARGET = 13.2;
				MTL_ENABLE_DEBUG_INFO = INCLUDE_SOURCE;
				MTL_FAST_MATH = YES;
				ONLY_ACTIVE_ARCH = YES;
				SDKROOT = iphoneos;
				SWIFT_ACTIVE_COMPILATION_CONDITIONS = DEBUG;
				SWIFT_OPTIMIZATION_LEVEL = "-Onone";
			};
			name = Debug;
		};
		D3A950022402609700FB77DE /* Release */ = {
			isa = XCBuildConfiguration;
			buildSettings = {
				ALWAYS_SEARCH_USER_PATHS = NO;
				CLANG_ANALYZER_NONNULL = YES;
				CLANG_ANALYZER_NUMBER_OBJECT_CONVERSION = YES_AGGRESSIVE;
				CLANG_CXX_LANGUAGE_STANDARD = "gnu++14";
				CLANG_CXX_LIBRARY = "libc++";
				CLANG_ENABLE_MODULES = YES;
				CLANG_ENABLE_OBJC_ARC = YES;
				CLANG_ENABLE_OBJC_WEAK = YES;
				CLANG_WARN_BLOCK_CAPTURE_AUTORELEASING = YES;
				CLANG_WARN_BOOL_CONVERSION = YES;
				CLANG_WARN_COMMA = YES;
				CLANG_WARN_CONSTANT_CONVERSION = YES;
				CLANG_WARN_DEPRECATED_OBJC_IMPLEMENTATIONS = YES;
				CLANG_WARN_DIRECT_OBJC_ISA_USAGE = YES_ERROR;
				CLANG_WARN_DOCUMENTATION_COMMENTS = YES;
				CLANG_WARN_EMPTY_BODY = YES;
				CLANG_WARN_ENUM_CONVERSION = YES;
				CLANG_WARN_INFINITE_RECURSION = YES;
				CLANG_WARN_INT_CONVERSION = YES;
				CLANG_WARN_NON_LITERAL_NULL_CONVERSION = YES;
				CLANG_WARN_OBJC_IMPLICIT_RETAIN_SELF = YES;
				CLANG_WARN_OBJC_LITERAL_CONVERSION = YES;
				CLANG_WARN_OBJC_ROOT_CLASS = YES_ERROR;
				CLANG_WARN_RANGE_LOOP_ANALYSIS = YES;
				CLANG_WARN_STRICT_PROTOTYPES = YES;
				CLANG_WARN_SUSPICIOUS_MOVE = YES;
				CLANG_WARN_UNGUARDED_AVAILABILITY = YES_AGGRESSIVE;
				CLANG_WARN_UNREACHABLE_CODE = YES;
				CLANG_WARN__DUPLICATE_METHOD_MATCH = YES;
				COPY_PHASE_STRIP = NO;
				DEBUG_INFORMATION_FORMAT = "dwarf-with-dsym";
				ENABLE_NS_ASSERTIONS = NO;
				ENABLE_STRICT_OBJC_MSGSEND = YES;
				GCC_C_LANGUAGE_STANDARD = gnu11;
				GCC_NO_COMMON_BLOCKS = YES;
				GCC_WARN_64_TO_32_BIT_CONVERSION = YES;
				GCC_WARN_ABOUT_RETURN_TYPE = YES_ERROR;
				GCC_WARN_UNDECLARED_SELECTOR = YES;
				GCC_WARN_UNINITIALIZED_AUTOS = YES_AGGRESSIVE;
				GCC_WARN_UNUSED_FUNCTION = YES;
				GCC_WARN_UNUSED_VARIABLE = YES;
				IPHONEOS_DEPLOYMENT_TARGET = 13.2;
				MTL_ENABLE_DEBUG_INFO = NO;
				MTL_FAST_MATH = YES;
				SDKROOT = iphoneos;
				SWIFT_COMPILATION_MODE = wholemodule;
				SWIFT_OPTIMIZATION_LEVEL = "-O";
				VALIDATE_PRODUCT = YES;
			};
			name = Release;
		};
		D3A950042402609700FB77DE /* Debug */ = {
			isa = XCBuildConfiguration;
			buildSettings = {
				ASSETCATALOG_COMPILER_APPICON_NAME = AppIcon;
				CODE_SIGN_STYLE = Automatic;
				DEVELOPMENT_ASSET_PATHS = "\"TabViewSample/Preview Content\"";
				DEVELOPMENT_TEAM = GLLF8U86V2;
				ENABLE_PREVIEWS = YES;
				INFOPLIST_FILE = TabViewSample/Info.plist;
				LD_RUNPATH_SEARCH_PATHS = (
					"$(inherited)",
					"@executable_path/Frameworks",
				);
				PRODUCT_BUNDLE_IDENTIFIER = com.iAppMaker.TabViewSample;
				PRODUCT_NAME = "$(TARGET_NAME)";
				SWIFT_VERSION = 5.0;
				TARGETED_DEVICE_FAMILY = "1,2";
			};
			name = Debug;
		};
		D3A950052402609700FB77DE /* Release */ = {
			isa = XCBuildConfiguration;
			buildSettings = {
				ASSETCATALOG_COMPILER_APPICON_NAME = AppIcon;
				CODE_SIGN_STYLE = Automatic;
				DEVELOPMENT_ASSET_PATHS = "\"TabViewSample/Preview Content\"";
				DEVELOPMENT_TEAM = GLLF8U86V2;
				ENABLE_PREVIEWS = YES;
				INFOPLIST_FILE = TabViewSample/Info.plist;
				LD_RUNPATH_SEARCH_PATHS = (
					"$(inherited)",
					"@executable_path/Frameworks",
				);
				PRODUCT_BUNDLE_IDENTIFIER = com.iAppMaker.TabViewSample;
				PRODUCT_NAME = "$(TARGET_NAME)";
				SWIFT_VERSION = 5.0;
				TARGETED_DEVICE_FAMILY = "1,2";
			};
			name = Release;
		};
/* End XCBuildConfiguration section */

/* Begin XCConfigurationList section */
		D3A94FEA2402609700FB77DE /* Build configuration list for PBXProject "TabViewSample" */ = {
			isa = XCConfigurationList;
			buildConfigurations = (
				D3A950012402609700FB77DE /* Debug */,
				D3A950022402609700FB77DE /* Release */,
			);
			defaultConfigurationIsVisible = 0;
			defaultConfigurationName = Release;
		};
		D3A950032402609700FB77DE /* Build configuration list for PBXNativeTarget "TabViewSample" */ = {
			isa = XCConfigurationList;
			buildConfigurations = (
				D3A950042402609700FB77DE /* Debug */,
				D3A950052402609700FB77DE /* Release */,
			);
			defaultConfigurationIsVisible = 0;
			defaultConfigurationName = Release;
		};
/* End XCConfigurationList section */
	};
	rootObject = D3A94FE72402609700FB77DE /* Project object */;
}
